
Microsoft Visual Studio Solution File, Format Version 12.00
# Visual Studio Version 16
VisualStudioVersion = 16.0.31424.327
MinimumVisualStudioVersion = 10.0.40219.1
Project("{FAE04EC0-301F-11D3-BF4B-00C04F79EFBC}") = "DDRK.LiveTV", "DDRK.LiveTV\DDRK.LiveTV.csproj", "{F89F787A-5E95-43B2-88D2-307D6CF2B2EC}"
EndProject
Global
	GlobalSection(SolutionConfigurationPlatforms) = preSolution
		Debug|Any CPU = Debug|Any CPU
		Release|Any CPU = Release|Any CPU
	EndGlobalSection
	GlobalSection(ProjectConfigurationPlatforms) = postSolution
		{F89F787A-5E95-43B2-88D2-307D6CF2B2EC}.Debug|Any CPU.ActiveCfg = Debug|Any CPU
		{F89F787A-5E95-43B2-88D2-307D6CF2B2EC}.Debug|Any CPU.Build.0 = Debug|Any CPU
		{F89F787A-5E95-43B2-88D2-307D6CF2B2EC}.Release|Any CPU.ActiveCfg = Release|Any CPU
		{F89F787A-5E95-43B2-88D2-307D6CF2B2EC}.Release|Any CPU.Build.0 = Release|Any CPU
	EndGlobalSection
	GlobalSection(SolutionProperties) = preSolution
		HideSolutionNode = FALSE
	EndGlobalSection
	GlobalSection(ExtensibilityGlobals) = postSolution
		SolutionGuid = {ACFE6BFC-CB12-4894-86CC-9D296AD051EE}
	EndGlobalSection
EndGlobal
